
Microsoft Visual Studio Solution File, Format Version 12.00
# Visual Studio Version 16
VisualStudioVersion = 16.0.31702.278
MinimumVisualStudioVersion = 10.0.40219.1
Project("{FAE04EC0-301F-11D3-BF4B-00C04F79EFBC}") = "ЛБ7 ЗД2", "ЛБ7 ЗД2\ЛБ7 ЗД2.csproj", "{91E1CECF-008C-450F-ABED-8BD141C93F03}"
EndProject
Global
	GlobalSection(SolutionConfigurationPlatforms) = preSolution
		Debug|Any CPU = Debug|Any CPU
		Release|Any CPU = Release|Any CPU
	EndGlobalSection
	GlobalSection(ProjectConfigurationPlatforms) = postSolution
		{91E1CECF-008C-450F-ABED-8BD141C93F03}.Debug|Any CPU.ActiveCfg = Debug|Any CPU
		{91E1CECF-008C-450F-ABED-8BD141C93F03}.Debug|Any CPU.Build.0 = Debug|Any CPU
		{91E1CECF-008C-450F-ABED-8BD141C93F03}.Release|Any CPU.ActiveCfg = Release|Any CPU
		{91E1CECF-008C-450F-ABED-8BD141C93F03}.Release|Any CPU.Build.0 = Release|Any CPU
	EndGlobalSection
	GlobalSection(SolutionProperties) = preSolution
		HideSolutionNode = FALSE
	EndGlobalSection
	GlobalSection(ExtensibilityGlobals) = postSolution
		SolutionGuid = {59B9A328-58E2-424D-A2A8-BED2AA40EE6B}
	EndGlobalSection
EndGlobal
